<?xml version="1.0" encoding="utf-8"?>
<Project ToolsVersion="4.0" xmlns="http://schemas.microsoft.com/developer/msbuild/2003">
  <ItemGroup>
    <Filter Include="Исходные файлы">
      <UniqueIdentifier>{4FC737F1-C7A5-4376-A066-2A32D752A2FF}</UniqueIdentifier>
      <Extensions>cpp;c;cc;cxx;c++;cppm;ixx;def;odl;idl;hpj;bat;asm;asmx</Extensions>
    </Filter>
    <Filter Include="Файлы заголовков">
      <UniqueIdentifier>{93995380-89BD-4b04-88EB-625FBE52EBFB}</UniqueIdentifier>
      <Extensions>h;hh;hpp;hxx;h++;hm;inl;inc;ipp;xsd</Extensions>
    </Filter>
    <Filter Include="Файлы ресурсов">
      <UniqueIdentifier>{67DA6AB6-F800-4c08-8B7A-83BB121AAD01}</UniqueIdentifier>
      <Extensions>rc;ico;cur;bmp;dlg;rc2;rct;bin;rgs;gif;jpg;jpeg;jpe;resx;tiff;tif;png;wav;mfcribbon-ms</Extensions>
    </Filter>
    <Filter Include="Исходные файлы\cl_dll">
      <UniqueIdentifier>{a71778ab-2f87-40d7-a2d1-77874279e4c5}</UniqueIdentifier>
    </Filter>
    <Filter Include="Исходные файлы\common">
      <UniqueIdentifier>{b25a3b0d-a19b-4e57-ab81-83ba6b77dd9e}</UniqueIdentifier>
    </Filter>
    <Filter Include="Исходные файлы\game_shared">
      <UniqueIdentifier>{bcf5be68-0ed6-447e-b73a-04dbee2b3e11}</UniqueIdentifier>
    </Filter>
    <Filter Include="Исходные файлы\pm_shared">
      <UniqueIdentifier>{b2616a6f-0a0b-4980-b85b-de25fa6cc6d0}</UniqueIdentifier>
    </Filter>
    <Filter Include="Исходные файлы\public">
      <UniqueIdentifier>{749032c4-7756-4c68-a6b7-cae9b8d942a0}</UniqueIdentifier>
    </Filter>
    <Filter Include="Файлы заголовков\cl_dll">
      <UniqueIdentifier>{024add53-81f7-4e4c-87eb-4d7e094306a2}</UniqueIdentifier>
    </Filter>
    <Filter Include="Файлы заголовков\common">
      <UniqueIdentifier>{697d6dc5-5bd9-49ba-812b-6bc9452dd399}</UniqueIdentifier>
    </Filter>
    <Filter Include="Файлы заголовков\game_shared">
      <UniqueIdentifier>{64de1d0a-ca1f-4df1-907e-04e2c081a831}</UniqueIdentifier>
    </Filter>
    <Filter Include="Файлы заголовков\pm_shared">
      <UniqueIdentifier>{f135175e-5cb0-4577-b7d8-a268dc513f75}</UniqueIdentifier>
    </Filter>
    <Filter Include="Исходные файлы\_hl">
      <UniqueIdentifier>{a6dabf85-f809-4196-b1e3-1f5b7a7a6282}</UniqueIdentifier>
    </Filter>
    <Filter Include="Исходные файлы\_hl\dlls">
      <UniqueIdentifier>{d10d8f55-33f0-454c-a268-6b8d52771745}</UniqueIdentifier>
    </Filter>
    <Filter Include="Исходные файлы\_hl\dlls\wpn_shared">
      <UniqueIdentifier>{252defee-3301-492c-b065-e428ad9fc3fe}</UniqueIdentifier>
    </Filter>
    <Filter Include="Исходные файлы\_hl\cl_dll">
      <UniqueIdentifier>{d1b073b6-e8dd-4fcc-be37-5203f4ecdc1a}</UniqueIdentifier>
    </Filter>
    <Filter Include="Исходные файлы\_hl\cl_dll\hl">
      <UniqueIdentifier>{b8f331bc-6788-490e-a324-da88768f9400}</UniqueIdentifier>
    </Filter>
  </ItemGroup>
  <ItemGroup>
    <ClCompile Include="voice_status.cpp">
      <Filter>Исходные файлы\cl_dll</Filter>
    </ClCompile>
    <ClCompile Include="view.cpp">
      <Filter>Исходные файлы\cl_dll</Filter>
    </ClCompile>
    <ClCompile Include="ammo.cpp">
      <Filter>Исходные файлы\cl_dll</Filter>
    </ClCompile>
    <ClCompile Include="ammo_secondary.cpp">
      <Filter>Исходные файлы\cl_dll</Filter>
    </ClCompile>
    <ClCompile Include="ammohistory.cpp">
      <Filter>Исходные файлы\cl_dll</Filter>
    </ClCompile>
    <ClCompile Include="battery.cpp">
      <Filter>Исходные файлы\cl_dll</Filter>
    </ClCompile>
    <ClCompile Include="cdll_int.cpp">
      <Filter>Исходные файлы\cl_dll</Filter>
    </ClCompile>
    <ClCompile Include="com_weapons.cpp">
      <Filter>Исходные файлы\cl_dll</Filter>
    </ClCompile>
    <ClCompile Include="death.cpp">
      <Filter>Исходные файлы\cl_dll</Filter>
    </ClCompile>
    <ClCompile Include="demo.cpp">
      <Filter>Исходные файлы\cl_dll</Filter>
    </ClCompile>
    <ClCompile Include="entity.cpp">
      <Filter>Исходные файлы\cl_dll</Filter>
    </ClCompile>
    <ClCompile Include="ev_common.cpp">
      <Filter>Исходные файлы\cl_dll</Filter>
    </ClCompile>
    <ClCompile Include="events.cpp">
      <Filter>Исходные файлы\cl_dll</Filter>
    </ClCompile>
    <ClCompile Include="flashlight.cpp">
      <Filter>Исходные файлы\cl_dll</Filter>
    </ClCompile>
    <ClCompile Include="GameStudioModelRenderer.cpp">
      <Filter>Исходные файлы\cl_dll</Filter>
    </ClCompile>
    <ClCompile Include="geiger.cpp">
      <Filter>Исходные файлы\cl_dll</Filter>
    </ClCompile>
    <ClCompile Include="health.cpp">
      <Filter>Исходные файлы\cl_dll</Filter>
    </ClCompile>
    <ClCompile Include="hud.cpp">
      <Filter>Исходные файлы\cl_dll</Filter>
    </ClCompile>
    <ClCompile Include="hud_bench.cpp">
      <Filter>Исходные файлы\cl_dll</Filter>
    </ClCompile>
    <ClCompile Include="hud_benchtrace.cpp">
      <Filter>Исходные файлы\cl_dll</Filter>
    </ClCompile>
    <ClCompile Include="hud_msg.cpp">
      <Filter>Исходные файлы\cl_dll</Filter>
    </ClCompile>
    <ClCompile Include="hud_redraw.cpp">
      <Filter>Исходные файлы\cl_dll</Filter>
    </ClCompile>
    <ClCompile Include="hud_servers.cpp">
      <Filter>Исходные файлы\cl_dll</Filter>
    </ClCompile>
    <ClCompile Include="hud_spectator.cpp">
      <Filter>Исходные файлы\cl_dll</Filter>
    </ClCompile>
    <ClCompile Include="hud_update.cpp">
      <Filter>Исходные файлы\cl_dll</Filter>
    </ClCompile>
    <ClCompile Include="in_camera.cpp">
      <Filter>Исходные файлы\cl_dll</Filter>
    </ClCompile>
    <ClCompile Include="input.cpp">
      <Filter>Исходные файлы\cl_dll</Filter>
    </ClCompile>
    <ClCompile Include="inputw32.cpp">
      <Filter>Исходные файлы\cl_dll</Filter>
    </ClCompile>
    <ClCompile Include="interpolation.cpp">
      <Filter>Исходные файлы\cl_dll</Filter>
    </ClCompile>
    <ClCompile Include="menu.cpp">
      <Filter>Исходные файлы\cl_dll</Filter>
    </ClCompile>
    <ClCompile Include="message.cpp">
      <Filter>Исходные файлы\cl_dll</Filter>
    </ClCompile>
    <ClCompile Include="saytext.cpp">
      <Filter>Исходные файлы\cl_dll</Filter>
    </ClCompile>
    <ClCompile Include="status_icons.cpp">
      <Filter>Исходные файлы\cl_dll</Filter>
    </ClCompile>
    <ClCompile Include="statusbar.cpp">
      <Filter>Исходные файлы\cl_dll</Filter>
    </ClCompile>
    <ClCompile Include="studio_util.cpp">
      <Filter>Исходные файлы\cl_dll</Filter>
    </ClCompile>
    <ClCompile Include="StudioModelRenderer.cpp">
      <Filter>Исходные файлы\cl_dll</Filter>
    </ClCompile>
    <ClCompile Include="text_message.cpp">
      <Filter>Исходные файлы\cl_dll</Filter>
    </ClCompile>
    <ClCompile Include="train.cpp">
      <Filter>Исходные файлы\cl_dll</Filter>
    </ClCompile>
    <ClCompile Include="tri.cpp">
      <Filter>Исходные файлы\cl_dll</Filter>
    </ClCompile>
    <ClCompile Include="util.cpp">
      <Filter>Исходные файлы\cl_dll</Filter>
    </ClCompile>
    <ClCompile Include="vgui_ClassMenu.cpp">
      <Filter>Исходные файлы\cl_dll</Filter>
    </ClCompile>
    <ClCompile Include="vgui_ControlConfigPanel.cpp">
      <Filter>Исходные файлы\cl_dll</Filter>
    </ClCompile>
    <ClCompile Include="vgui_CustomObjects.cpp">
      <Filter>Исходные файлы\cl_dll</Filter>
    </ClCompile>
    <ClCompile Include="vgui_int.cpp">
      <Filter>Исходные файлы\cl_dll</Filter>
    </ClCompile>
    <ClCompile Include="vgui_MOTDWindow.cpp">
      <Filter>Исходные файлы\cl_dll</Filter>
    </ClCompile>
    <ClCompile Include="vgui_SchemeManager.cpp">
      <Filter>Исходные файлы\cl_dll</Filter>
    </ClCompile>
    <ClCompile Include="vgui_ScorePanel.cpp">
      <Filter>Исходные файлы\cl_dll</Filter>
    </ClCompile>
    <ClCompile Include="vgui_ServerBrowser.cpp">
      <Filter>Исходные файлы\cl_dll</Filter>
    </ClCompile>
    <ClCompile Include="vgui_SpectatorPanel.cpp">
      <Filter>Исходные файлы\cl_dll</Filter>
    </ClCompile>
    <ClCompile Include="vgui_TeamFortressViewport.cpp">
      <Filter>Исходные файлы\cl_dll</Filter>
    </ClCompile>
    <ClCompile Include="vgui_teammenu.cpp">
      <Filter>Исходные файлы\cl_dll</Filter>
    </ClCompile>
    <ClCompile Include="..\common\parsemsg.cpp">
      <Filter>Исходные файлы\common</Filter>
    </ClCompile>
    <ClCompile Include="..\game_shared\voice_banmgr.cpp">
      <Filter>Исходные файлы\game_shared</Filter>
    </ClCompile>
    <ClCompile Include="..\game_shared\vgui_checkbutton2.cpp">
      <Filter>Исходные файлы\game_shared</Filter>
    </ClCompile>
    <ClCompile Include="..\game_shared\vgui_grid.cpp">
      <Filter>Исходные файлы\game_shared</Filter>
    </ClCompile>
    <ClCompile Include="..\game_shared\vgui_helpers.cpp">
      <Filter>Исходные файлы\game_shared</Filter>
    </ClCompile>
    <ClCompile Include="..\game_shared\vgui_listbox.cpp">
      <Filter>Исходные файлы\game_shared</Filter>
    </ClCompile>
    <ClCompile Include="..\game_shared\vgui_loadtga.cpp">
      <Filter>Исходные файлы\game_shared</Filter>
    </ClCompile>
    <ClCompile Include="..\game_shared\vgui_scrollbar2.cpp">
      <Filter>Исходные файлы\game_shared</Filter>
    </ClCompile>
    <ClCompile Include="..\game_shared\vgui_slider2.cpp">
      <Filter>Исходные файлы\game_shared</Filter>
    </ClCompile>
    <ClCompile Include="..\pm_shared\pm_math.c">
      <Filter>Исходные файлы\pm_shared</Filter>
    </ClCompile>
    <ClCompile Include="..\pm_shared\pm_shared.c">
      <Filter>Исходные файлы\pm_shared</Filter>
    </ClCompile>
    <ClCompile Include="..\pm_shared\pm_debug.c">
      <Filter>Исходные файлы\pm_shared</Filter>
    </ClCompile>
    <ClCompile Include="..\public\interface.cpp">
      <Filter>Исходные файлы\public</Filter>
    </ClCompile>
    <ClCompile Include="..\dlls\squeakgrenade.cpp">
      <Filter>Исходные файлы\_hl\dlls</Filter>
    </ClCompile>
    <ClCompile Include="..\dlls\tripmine.cpp">
      <Filter>Исходные файлы\_hl\dlls</Filter>
    </ClCompile>
    <ClCompile Include="..\dlls\crossbow.cpp">
      <Filter>Исходные файлы\_hl\dlls</Filter>
    </ClCompile>
    <ClCompile Include="..\dlls\crowbar.cpp">
      <Filter>Исходные файлы\_hl\dlls</Filter>
    </ClCompile>
    <ClCompile Include="..\dlls\egon.cpp">
      <Filter>Исходные файлы\_hl\dlls</Filter>
    </ClCompile>
    <ClCompile Include="..\dlls\gauss.cpp">
      <Filter>Исходные файлы\_hl\dlls</Filter>
    </ClCompile>
    <ClCompile Include="..\dlls\handgrenade.cpp">
      <Filter>Исходные файлы\_hl\dlls</Filter>
    </ClCompile>
    <ClCompile Include="..\dlls\hornetgun.cpp">
      <Filter>Исходные файлы\_hl\dlls</Filter>
    </ClCompile>
    <ClCompile Include="..\dlls\mp5.cpp">
      <Filter>Исходные файлы\_hl\dlls</Filter>
    </ClCompile>
    <ClCompile Include="..\dlls\python.cpp">
      <Filter>Исходные файлы\_hl\dlls</Filter>
    </ClCompile>
    <ClCompile Include="..\dlls\rpg.cpp">
      <Filter>Исходные файлы\_hl\dlls</Filter>
    </ClCompile>
    <ClCompile Include="..\dlls\satchel.cpp">
      <Filter>Исходные файлы\_hl\dlls</Filter>
    </ClCompile>
    <ClCompile Include="..\dlls\shotgun.cpp">
      <Filter>Исходные файлы\_hl\dlls</Filter>
    </ClCompile>
    <ClCompile Include="..\dlls\wpn_shared\hl_wpn_glock.cpp">
      <Filter>Исходные файлы\_hl\dlls\wpn_shared</Filter>
    </ClCompile>
    <ClCompile Include="ev_hldm.cpp">
      <Filter>Исходные файлы\_hl\cl_dll</Filter>
    </ClCompile>
    <ClCompile Include="hl\hl_baseentity.cpp">
      <Filter>Исходные файлы\_hl\cl_dll\hl</Filter>
    </ClCompile>
    <ClCompile Include="hl\hl_events.cpp">
      <Filter>Исходные файлы\_hl\cl_dll\hl</Filter>
    </ClCompile>
    <ClCompile Include="hl\hl_objects.cpp">
      <Filter>Исходные файлы\_hl\cl_dll\hl</Filter>
    </ClCompile>
    <ClCompile Include="hl\hl_weapons.cpp">
      <Filter>Исходные файлы\_hl\cl_dll\hl</Filter>
    </ClCompile>
  </ItemGroup>
  <ItemGroup>
    <ClInclude Include="ammo.h">
      <Filter>Файлы заголовков\cl_dll</Filter>
    </ClInclude>
    <ClInclude Include="ammohistory.h">
      <Filter>Файлы заголовков\cl_dll</Filter>
    </ClInclude>
    <ClInclude Include="camera.h">
      <Filter>Файлы заголовков\cl_dll</Filter>
    </ClInclude>
    <ClInclude Include="cl_dll.h">
      <Filter>Файлы заголовков\cl_dll</Filter>
    </ClInclude>
    <ClInclude Include="cl_util.h">
      <Filter>Файлы заголовков\cl_dll</Filter>
    </ClInclude>
    <ClInclude Include="com_weapons.h">
      <Filter>Файлы заголовков\cl_dll</Filter>
    </ClInclude>
    <ClInclude Include="demo.h">
      <Filter>Файлы заголовков\cl_dll</Filter>
    </ClInclude>
    <ClInclude Include="ev_hldm.h">
      <Filter>Файлы заголовков\cl_dll</Filter>
    </ClInclude>
    <ClInclude Include="eventscripts.h">
      <Filter>Файлы заголовков\cl_dll</Filter>
    </ClInclude>
    <ClInclude Include="GameStudioModelRenderer.h">
      <Filter>Файлы заголовков\cl_dll</Filter>
    </ClInclude>
    <ClInclude Include="health.h">
      <Filter>Файлы заголовков\cl_dll</Filter>
    </ClInclude>
    <ClInclude Include="hud.h">
      <Filter>Файлы заголовков\cl_dll</Filter>
    </ClInclude>
    <ClInclude Include="hud_servers.h">
      <Filter>Файлы заголовков\cl_dll</Filter>
    </ClInclude>
    <ClInclude Include="hud_servers_priv.h">
      <Filter>Файлы заголовков\cl_dll</Filter>
    </ClInclude>
    <ClInclude Include="hud_spectator.h">
      <Filter>Файлы заголовков\cl_dll</Filter>
    </ClInclude>
    <ClInclude Include="in_defs.h">
      <Filter>Файлы заголовков\cl_dll</Filter>
    </ClInclude>
    <ClInclude Include="interpolation.h">
      <Filter>Файлы заголовков\cl_dll</Filter>
    </ClInclude>
    <ClInclude Include="kbutton.h">
      <Filter>Файлы заголовков\cl_dll</Filter>
    </ClInclude>
    <ClInclude Include="StudioModelRenderer.h">
      <Filter>Файлы заголовков\cl_dll</Filter>
    </ClInclude>
    <ClInclude Include="tri.h">
      <Filter>Файлы заголовков\cl_dll</Filter>
    </ClInclude>
    <ClInclude Include="util_vector.h">
      <Filter>Файлы заголовков\cl_dll</Filter>
    </ClInclude>
    <ClInclude Include="vgui_ControlConfigPanel.h">
      <Filter>Файлы заголовков\cl_dll</Filter>
    </ClInclude>
    <ClInclude Include="vgui_int.h">
      <Filter>Файлы заголовков\cl_dll</Filter>
    </ClInclude>
    <ClInclude Include="vgui_SchemeManager.h">
      <Filter>Файлы заголовков\cl_dll</Filter>
    </ClInclude>
    <ClInclude Include="vgui_ScorePanel.h">
      <Filter>Файлы заголовков\cl_dll</Filter>
    </ClInclude>
    <ClInclude Include="vgui_ServerBrowser.h">
      <Filter>Файлы заголовков\cl_dll</Filter>
    </ClInclude>
    <ClInclude Include="vgui_SpectatorPanel.h">
      <Filter>Файлы заголовков\cl_dll</Filter>
    </ClInclude>
    <ClInclude Include="view.h">
      <Filter>Файлы заголовков\cl_dll</Filter>
    </ClInclude>
    <ClInclude Include="wrect.h">
      <Filter>Файлы заголовков\cl_dll</Filter>
    </ClInclude>
    <ClInclude Include="..\common\parsemsg.h">
      <Filter>Файлы заголовков\common</Filter>
    </ClInclude>
    <ClInclude Include="..\game_shared\voice_banmgr.h">
      <Filter>Файлы заголовков\game_shared</Filter>
    </ClInclude>
    <ClInclude Include="..\game_shared\voice_status.h">
      <Filter>Файлы заголовков\game_shared</Filter>
    </ClInclude>
    <ClInclude Include="..\game_shared\vgui_scrollbar2.h">
      <Filter>Файлы заголовков\game_shared</Filter>
    </ClInclude>
    <ClInclude Include="..\game_shared\vgui_slider2.h">
      <Filter>Файлы заголовков\game_shared</Filter>
    </ClInclude>
    <ClInclude Include="..\pm_shared\pm_movevars.h">
      <Filter>Файлы заголовков\pm_shared</Filter>
    </ClInclude>
    <ClInclude Include="..\pm_shared\pm_shared.h">
      <Filter>Файлы заголовков\pm_shared</Filter>
    </ClInclude>
    <ClInclude Include="..\pm_shared\pm_debug.h">
      <Filter>Файлы заголовков\pm_shared</Filter>
    </ClInclude>
    <ClInclude Include="..\pm_shared\pm_defs.h">
      <Filter>Файлы заголовков\pm_shared</Filter>
    </ClInclude>
    <ClInclude Include="..\pm_shared\pm_info.h">
      <Filter>Файлы заголовков\pm_shared</Filter>
    </ClInclude>
    <ClInclude Include="..\pm_shared\pm_materials.h">
      <Filter>Файлы заголовков\pm_shared</Filter>
    </ClInclude>
  </ItemGroup>
</Project>